// !$*UTF8*$!
{
	archiveVersion = 1;
	classes = {
	};
	objectVersion = 46;
	objects = {

/* Begin PBXBuildFile section */
		704254381DDA129300DC51D4 /* libsqlite3.tbd in Frameworks */ = {isa = PBXBuildFile; fileRef = 704254321DDA110D00DC51D4 /* libsqlite3.tbd */; };
		BCF2A7D1A314F286ED8EBE7C /* Pods_API_SampleApp.framework in Frameworks */ = {isa = PBXBuildFile; fileRef = E986A733522CDD38AD1723FB /* Pods_API_SampleApp.framework */; };
		F37E83191E5698FC0072B3D8 /* APIParameters.swift in Sources */ = {isa = PBXBuildFile; fileRef = F37E830B1E5698FC0072B3D8 /* APIParameters.swift */; };
		F37E831A1E5698FC0072B3D8 /* AppDelegate.swift in Sources */ = {isa = PBXBuildFile; fileRef = F37E830C1E5698FC0072B3D8 /* AppDelegate.swift */; };
		F37E831B1E5698FC0072B3D8 /* Assets.xcassets in Resources */ = {isa = PBXBuildFile; fileRef = F37E830D1E5698FC0072B3D8 /* Assets.xcassets */; };
		F37E831E1E5698FC0072B3D8 /* CardData.swift in Sources */ = {isa = PBXBuildFile; fileRef = F37E83131E5698FC0072B3D8 /* CardData.swift */; };
		F37E831F1E5698FC0072B3D8 /* Info.plist in Resources */ = {isa = PBXBuildFile; fileRef = F37E83141E5698FC0072B3D8 /* Info.plist */; };
		F37E83201E5698FC0072B3D8 /* RootViewController.swift in Sources */ = {isa = PBXBuildFile; fileRef = F37E83151E5698FC0072B3D8 /* RootViewController.swift */; };
		F37E83211E5698FC0072B3D8 /* SuggestionData.swift in Sources */ = {isa = PBXBuildFile; fileRef = F37E83161E5698FC0072B3D8 /* SuggestionData.swift */; };
		F37E83221E5698FC0072B3D8 /* SuggestionLoader.swift in Sources */ = {isa = PBXBuildFile; fileRef = F37E83171E5698FC0072B3D8 /* SuggestionLoader.swift */; };
		F37E83231E5698FC0072B3D8 /* TableViewCell.swift in Sources */ = {isa = PBXBuildFile; fileRef = F37E83181E5698FC0072B3D8 /* TableViewCell.swift */; };
		F37E83291E577F960072B3D8 /* LaunchScreen.storyboard in Resources */ = {isa = PBXBuildFile; fileRef = F37E83271E577F960072B3D8 /* LaunchScreen.storyboard */; };
		F37E832C1E577F9B0072B3D8 /* Main.storyboard in Resources */ = {isa = PBXBuildFile; fileRef = F37E832A1E577F9B0072B3D8 /* Main.storyboard */; };
/* End PBXBuildFile section */

/* Begin PBXFileReference section */
		432D8F6E805272A1AE3697B3 /* Pods-API-SampleApp.release.xcconfig */ = {isa = PBXFileReference; includeInIndex = 1; lastKnownFileType = text.xcconfig; name = "Pods-API-SampleApp.release.xcconfig"; path = "Pods/Target Support Files/Pods-API-SampleApp/Pods-API-SampleApp.release.xcconfig"; sourceTree = "<group>"; };
		704254321DDA110D00DC51D4 /* libsqlite3.tbd */ = {isa = PBXFileReference; lastKnownFileType = "sourcecode.text-based-dylib-definition"; name = libsqlite3.tbd; path = usr/lib/libsqlite3.tbd; sourceTree = SDKROOT; };
		7099C12A1DD4ABB200AC49A2 /* API-SampleApp.app */ = {isa = PBXFileReference; explicitFileType = wrapper.application; includeInIndex = 0; path = "API-SampleApp.app"; sourceTree = BUILT_PRODUCTS_DIR; };
		B2F1AFBBBCF3A5EE13AA4C20 /* Pods-Prototype.release.xcconfig */ = {isa = PBXFileReference; includeInIndex = 1; lastKnownFileType = text.xcconfig; name = "Pods-Prototype.release.xcconfig"; path = "Pods/Target Support Files/Pods-Prototype/Pods-Prototype.release.xcconfig"; sourceTree = "<group>"; };
		C070374004A36F5C2C4DA5AA /* Pods-API-SampleApp.debug.xcconfig */ = {isa = PBXFileReference; includeInIndex = 1; lastKnownFileType = text.xcconfig; name = "Pods-API-SampleApp.debug.xcconfig"; path = "Pods/Target Support Files/Pods-API-SampleApp/Pods-API-SampleApp.debug.xcconfig"; sourceTree = "<group>"; };
		E986A733522CDD38AD1723FB /* Pods_API_SampleApp.framework */ = {isa = PBXFileReference; explicitFileType = wrapper.framework; includeInIndex = 0; path = Pods_API_SampleApp.framework; sourceTree = BUILT_PRODUCTS_DIR; };
		F37E830A1E5698FC0072B3D8 /* API-SampleApp-Bridging-Header.h */ = {isa = PBXFileReference; fileEncoding = 4; lastKnownFileType = sourcecode.c.h; name = "API-SampleApp-Bridging-Header.h"; path = "API-SampleApp/API-SampleApp-Bridging-Header.h"; sourceTree = SOURCE_ROOT; };
		F37E830B1E5698FC0072B3D8 /* APIParameters.swift */ = {isa = PBXFileReference; fileEncoding = 4; lastKnownFileType = sourcecode.swift; name = APIParameters.swift; path = "API-SampleApp/APIParameters.swift"; sourceTree = SOURCE_ROOT; };
		F37E830C1E5698FC0072B3D8 /* AppDelegate.swift */ = {isa = PBXFileReference; fileEncoding = 4; lastKnownFileType = sourcecode.swift; name = AppDelegate.swift; path = "API-SampleApp/AppDelegate.swift"; sourceTree = SOURCE_ROOT; };
		F37E830D1E5698FC0072B3D8 /* Assets.xcassets */ = {isa = PBXFileReference; lastKnownFileType = folder.assetcatalog; name = Assets.xcassets; path = "API-SampleApp/Assets.xcassets"; sourceTree = SOURCE_ROOT; };
		F37E83131E5698FC0072B3D8 /* CardData.swift */ = {isa = PBXFileReference; fileEncoding = 4; lastKnownFileType = sourcecode.swift; name = CardData.swift; path = "API-SampleApp/CardData.swift"; sourceTree = SOURCE_ROOT; };
		F37E83141E5698FC0072B3D8 /* Info.plist */ = {isa = PBXFileReference; fileEncoding = 4; lastKnownFileType = text.plist.xml; name = Info.plist; path = "API-SampleApp/Info.plist"; sourceTree = SOURCE_ROOT; };
		F37E83151E5698FC0072B3D8 /* RootViewController.swift */ = {isa = PBXFileReference; fileEncoding = 4; lastKnownFileType = sourcecode.swift; name = RootViewController.swift; path = "API-SampleApp/RootViewController.swift"; sourceTree = SOURCE_ROOT; };
		F37E83161E5698FC0072B3D8 /* SuggestionData.swift */ = {isa = PBXFileReference; fileEncoding = 4; lastKnownFileType = sourcecode.swift; name = SuggestionData.swift; path = "API-SampleApp/SuggestionData.swift"; sourceTree = SOURCE_ROOT; };
		F37E83171E5698FC0072B3D8 /* SuggestionLoader.swift */ = {isa = PBXFileReference; fileEncoding = 4; lastKnownFileType = sourcecode.swift; name = SuggestionLoader.swift; path = "API-SampleApp/SuggestionLoader.swift"; sourceTree = SOURCE_ROOT; };
		F37E83181E5698FC0072B3D8 /* TableViewCell.swift */ = {isa = PBXFileReference; fileEncoding = 4; lastKnownFileType = sourcecode.swift; name = TableViewCell.swift; path = "API-SampleApp/TableViewCell.swift"; sourceTree = SOURCE_ROOT; };
		F37E83281E577F960072B3D8 /* Base */ = {isa = PBXFileReference; lastKnownFileType = file.storyboard; name = Base; path = "API-SampleApp/Base.lproj/LaunchScreen.storyboard"; sourceTree = SOURCE_ROOT; };
		F37E832B1E577F9B0072B3D8 /* Base */ = {isa = PBXFileReference; lastKnownFileType = file.storyboard; name = Base; path = "API-SampleApp/Base.lproj/Main.storyboard"; sourceTree = SOURCE_ROOT; };
		FF9509C8D3A32E4852A65BCD /* Pods-Prototype.debug.xcconfig */ = {isa = PBXFileReference; includeInIndex = 1; lastKnownFileType = text.xcconfig; name = "Pods-Prototype.debug.xcconfig"; path = "Pods/Target Support Files/Pods-Prototype/Pods-Prototype.debug.xcconfig"; sourceTree = "<group>"; };
/* End PBXFileReference section */

/* Begin PBXFrameworksBuildPhase section */
		7099C1271DD4ABB200AC49A2 /* Frameworks */ = {
			isa = PBXFrameworksBuildPhase;
			buildActionMask = 2147483647;
			files = (
				704254381DDA129300DC51D4 /* libsqlite3.tbd in Frameworks */,
				BCF2A7D1A314F286ED8EBE7C /* Pods_API_SampleApp.framework in Frameworks */,
			);
			runOnlyForDeploymentPostprocessing = 0;
		};
/* End PBXFrameworksBuildPhase section */

/* Begin PBXGroup section */
		7099C1211DD4ABB200AC49A2 = {
			isa = PBXGroup;
			children = (
				7099C12C1DD4ABB200AC49A2 /* API-SampleApp */,
				7099C12B1DD4ABB200AC49A2 /* Products */,
				7099C13F1DD4AEE100AC49A2 /* Frameworks */,
				907936E530FB3094E90F22E6 /* Pods */,
			);
			sourceTree = "<group>";
		};
		7099C12B1DD4ABB200AC49A2 /* Products */ = {
			isa = PBXGroup;
			children = (
				7099C12A1DD4ABB200AC49A2 /* API-SampleApp.app */,
			);
			name = Products;
			sourceTree = "<group>";
		};
		7099C12C1DD4ABB200AC49A2 /* API-SampleApp */ = {
			isa = PBXGroup;
			children = (
				F37E830C1E5698FC0072B3D8 /* AppDelegate.swift */,
				F37E83151E5698FC0072B3D8 /* RootViewController.swift */,
				F37E830B1E5698FC0072B3D8 /* APIParameters.swift */,
				F37E83171E5698FC0072B3D8 /* SuggestionLoader.swift */,
				F37E83161E5698FC0072B3D8 /* SuggestionData.swift */,
				F37E83131E5698FC0072B3D8 /* CardData.swift */,
				F37E83181E5698FC0072B3D8 /* TableViewCell.swift */,
				F37E83271E577F960072B3D8 /* LaunchScreen.storyboard */,
				F37E830D1E5698FC0072B3D8 /* Assets.xcassets */,
				F37E832A1E577F9B0072B3D8 /* Main.storyboard */,
				F37E83141E5698FC0072B3D8 /* Info.plist */,
				F37E830A1E5698FC0072B3D8 /* API-SampleApp-Bridging-Header.h */,
			);
			name = "API-SampleApp";
			path = Prototype;
			sourceTree = "<group>";
		};
		7099C13F1DD4AEE100AC49A2 /* Frameworks */ = {
			isa = PBXGroup;
			children = (
				704254321DDA110D00DC51D4 /* libsqlite3.tbd */,
				E986A733522CDD38AD1723FB /* Pods_API_SampleApp.framework */,
			);
			name = Frameworks;
			sourceTree = "<group>";
		};
		907936E530FB3094E90F22E6 /* Pods */ = {
			isa = PBXGroup;
			children = (
				FF9509C8D3A32E4852A65BCD /* Pods-Prototype.debug.xcconfig */,
				B2F1AFBBBCF3A5EE13AA4C20 /* Pods-Prototype.release.xcconfig */,
				C070374004A36F5C2C4DA5AA /* Pods-API-SampleApp.debug.xcconfig */,
				432D8F6E805272A1AE3697B3 /* Pods-API-SampleApp.release.xcconfig */,
			);
			name = Pods;
			sourceTree = "<group>";
		};
/* End PBXGroup section */

/* Begin PBXNativeTarget section */
		7099C1291DD4ABB200AC49A2 /* API-SampleApp */ = {
			isa = PBXNativeTarget;
			buildConfigurationList = 7099C13C1DD4ABB200AC49A2 /* Build configuration list for PBXNativeTarget "API-SampleApp" */;
			buildPhases = (
				0E1515F08C7699189097123A /* [CP] Check Pods Manifest.lock */,
				7099C1261DD4ABB200AC49A2 /* Sources */,
				7099C1271DD4ABB200AC49A2 /* Frameworks */,
				7099C1281DD4ABB200AC49A2 /* Resources */,
				F07D26DFA45A30A230A8064B /* [CP] Embed Pods Frameworks */,
				CAFD828C030F72F1B776AB13 /* [CP] Copy Pods Resources */,
			);
			buildRules = (
			);
			dependencies = (
			);
			name = "API-SampleApp";
			productName = Prototype;
			productReference = 7099C12A1DD4ABB200AC49A2 /* API-SampleApp.app */;
			productType = "com.apple.product-type.application";
		};
/* End PBXNativeTarget section */

/* Begin PBXProject section */
		7099C1221DD4ABB200AC49A2 /* Project object */ = {
			isa = PBXProject;
			attributes = {
				LastSwiftUpdateCheck = 0810;
				LastUpgradeCheck = 0820;
				ORGANIZATIONNAME = "Zowdow, Inc.";
				TargetAttributes = {
					7099C1291DD4ABB200AC49A2 = {
						CreatedOnToolsVersion = 8.1;
						DevelopmentTeam = 92L55L5J5T;
						LastSwiftMigration = 0810;
						ProvisioningStyle = Manual;
					};
				};
			};
			buildConfigurationList = 7099C1251DD4ABB200AC49A2 /* Build configuration list for PBXProject "API-SampleApp" */;
			compatibilityVersion = "Xcode 3.2";
			developmentRegion = English;
			hasScannedForEncodings = 0;
			knownRegions = (
				en,
				Base,
			);
			mainGroup = 7099C1211DD4ABB200AC49A2;
			productRefGroup = 7099C12B1DD4ABB200AC49A2 /* Products */;
			projectDirPath = "";
			projectRoot = "";
			targets = (
				7099C1291DD4ABB200AC49A2 /* API-SampleApp */,
			);
		};
/* End PBXProject section */

/* Begin PBXResourcesBuildPhase section */
		7099C1281DD4ABB200AC49A2 /* Resources */ = {
			isa = PBXResourcesBuildPhase;
			buildActionMask = 2147483647;
			files = (
				F37E83291E577F960072B3D8 /* LaunchScreen.storyboard in Resources */,
				F37E831F1E5698FC0072B3D8 /* Info.plist in Resources */,
				F37E831B1E5698FC0072B3D8 /* Assets.xcassets in Resources */,
				F37E832C1E577F9B0072B3D8 /* Main.storyboard in Resources */,
			);
			runOnlyForDeploymentPostprocessing = 0;
		};
/* End PBXResourcesBuildPhase section */

/* Begin PBXShellScriptBuildPhase section */
		0E1515F08C7699189097123A /* [CP] Check Pods Manifest.lock */ = {
			isa = PBXShellScriptBuildPhase;
			buildActionMask = 2147483647;
			files = (
			);
			inputPaths = (
			);
			name = "[CP] Check Pods Manifest.lock";
			outputPaths = (
			);
			runOnlyForDeploymentPostprocessing = 0;
			shellPath = /bin/sh;
			shellScript = "diff \"${PODS_ROOT}/../Podfile.lock\" \"${PODS_ROOT}/Manifest.lock\" > /dev/null\nif [ $? != 0 ] ; then\n    # print error to STDERR\n    echo \"error: The sandbox is not in sync with the Podfile.lock. Run 'pod install' or update your CocoaPods installation.\" >&2\n    exit 1\nfi\n";
			showEnvVarsInLog = 0;
		};
		CAFD828C030F72F1B776AB13 /* [CP] Copy Pods Resources */ = {
			isa = PBXShellScriptBuildPhase;
			buildActionMask = 2147483647;
			files = (
			);
			inputPaths = (
			);
			name = "[CP] Copy Pods Resources";
			outputPaths = (
			);
			runOnlyForDeploymentPostprocessing = 0;
			shellPath = /bin/sh;
			shellScript = "\"${SRCROOT}/Pods/Target Support Files/Pods-API-SampleApp/Pods-API-SampleApp-resources.sh\"\n";
			showEnvVarsInLog = 0;
		};
		F07D26DFA45A30A230A8064B /* [CP] Embed Pods Frameworks */ = {
			isa = PBXShellScriptBuildPhase;
			buildActionMask = 2147483647;
			files = (
			);
			inputPaths = (
			);
			name = "[CP] Embed Pods Frameworks";
			outputPaths = (
			);
			runOnlyForDeploymentPostprocessing = 0;
			shellPath = /bin/sh;
			shellScript = "\"${SRCROOT}/Pods/Target Support Files/Pods-API-SampleApp/Pods-API-SampleApp-frameworks.sh\"\n";
			showEnvVarsInLog = 0;
		};
/* End PBXShellScriptBuildPhase section */

/* Begin PBXSourcesBuildPhase section */
		7099C1261DD4ABB200AC49A2 /* Sources */ = {
			isa = PBXSourcesBuildPhase;
			buildActionMask = 2147483647;
			files = (
				F37E831E1E5698FC0072B3D8 /* CardData.swift in Sources */,
				F37E831A1E5698FC0072B3D8 /* AppDelegate.swift in Sources */,
				F37E83201E5698FC0072B3D8 /* RootViewController.swift in Sources */,
				F37E83211E5698FC0072B3D8 /* SuggestionData.swift in Sources */,
				F37E83221E5698FC0072B3D8 /* SuggestionLoader.swift in Sources */,
				F37E83231E5698FC0072B3D8 /* TableViewCell.swift in Sources */,
				F37E83191E5698FC0072B3D8 /* APIParameters.swift in Sources */,
			);
			runOnlyForDeploymentPostprocessing = 0;
		};
/* End PBXSourcesBuildPhase section */

/* Begin PBXVariantGroup section */
		F37E83271E577F960072B3D8 /* LaunchScreen.storyboard */ = {
			isa = PBXVariantGroup;
			children = (
				F37E83281E577F960072B3D8 /* Base */,
			);
			name = LaunchScreen.storyboard;
			sourceTree = "<group>";
		};
		F37E832A1E577F9B0072B3D8 /* Main.storyboard */ = {
			isa = PBXVariantGroup;
			children = (
				F37E832B1E577F9B0072B3D8 /* Base */,
			);
			name = Main.storyboard;
			sourceTree = "<group>";
		};
/* End PBXVariantGroup section */

/* Begin XCBuildConfiguration section */
		7099C13A1DD4ABB200AC49A2 /* Debug */ = {
			isa = XCBuildConfiguration;
			buildSettings = {
				ALWAYS_SEARCH_USER_PATHS = NO;
				CLANG_ANALYZER_NONNULL = YES;
				CLANG_CXX_LANGUAGE_STANDARD = "gnu++0x";
				CLANG_CXX_LIBRARY = "libc++";
				CLANG_ENABLE_MODULES = YES;
				CLANG_ENABLE_OBJC_ARC = YES;
				CLANG_WARN_BOOL_CONVERSION = YES;
				CLANG_WARN_CONSTANT_CONVERSION = YES;
				CLANG_WARN_DIRECT_OBJC_ISA_USAGE = YES_ERROR;
				CLANG_WARN_DOCUMENTATION_COMMENTS = YES;
				CLANG_WARN_EMPTY_BODY = YES;
				CLANG_WARN_ENUM_CONVERSION = YES;
				CLANG_WARN_INFINITE_RECURSION = YES;
				CLANG_WARN_INT_CONVERSION = YES;
				CLANG_WARN_OBJC_ROOT_CLASS = YES_ERROR;
				CLANG_WARN_SUSPICIOUS_MOVE = YES;
				CLANG_WARN_SUSPICIOUS_MOVES = YES;
				CLANG_WARN_UNREACHABLE_CODE = YES;
				CLANG_WARN__DUPLICATE_METHOD_MATCH = YES;
				"CODE_SIGN_IDENTITY[sdk=iphoneos*]" = "iPhone Developer";
				COPY_PHASE_STRIP = NO;
				CURRENT_PROJECT_VERSION = 236;
				DEBUG_INFORMATION_FORMAT = dwarf;
				ENABLE_STRICT_OBJC_MSGSEND = YES;
				ENABLE_TESTABILITY = YES;
				GCC_C_LANGUAGE_STANDARD = gnu99;
				GCC_DYNAMIC_NO_PIC = NO;
				GCC_NO_COMMON_BLOCKS = YES;
				GCC_OPTIMIZATION_LEVEL = 0;
				GCC_PREPROCESSOR_DEFINITIONS = (
					"DEBUG=1",
					"$(inherited)",
				);
				GCC_WARN_64_TO_32_BIT_CONVERSION = YES;
				GCC_WARN_ABOUT_RETURN_TYPE = YES_ERROR;
				GCC_WARN_UNDECLARED_SELECTOR = YES;
				GCC_WARN_UNINITIALIZED_AUTOS = YES_AGGRESSIVE;
				GCC_WARN_UNUSED_FUNCTION = YES;
				GCC_WARN_UNUSED_VARIABLE = YES;
				IPHONEOS_DEPLOYMENT_TARGET = 10.1;
				MTL_ENABLE_DEBUG_INFO = YES;
				ONLY_ACTIVE_ARCH = YES;
				SDKROOT = iphoneos;
				SWIFT_ACTIVE_COMPILATION_CONDITIONS = DEBUG;
				SWIFT_OPTIMIZATION_LEVEL = "-Onone";
				VERSIONING_SYSTEM = "apple-generic";
			};
			name = Debug;
		};
		7099C13B1DD4ABB200AC49A2 /* Release */ = {
			isa = XCBuildConfiguration;
			buildSettings = {
				ALWAYS_SEARCH_USER_PATHS = NO;
				CLANG_ANALYZER_NONNULL = YES;
				CLANG_CXX_LANGUAGE_STANDARD = "gnu++0x";
				CLANG_CXX_LIBRARY = "libc++";
				CLANG_ENABLE_MODULES = YES;
				CLANG_ENABLE_OBJC_ARC = YES;
				CLANG_WARN_BOOL_CONVERSION = YES;
				CLANG_WARN_CONSTANT_CONVERSION = YES;
				CLANG_WARN_DIRECT_OBJC_ISA_USAGE = YES_ERROR;
				CLANG_WARN_DOCUMENTATION_COMMENTS = YES;
				CLANG_WARN_EMPTY_BODY = YES;
				CLANG_WARN_ENUM_CONVERSION = YES;
				CLANG_WARN_INFINITE_RECURSION = YES;
				CLANG_WARN_INT_CONVERSION = YES;
				CLANG_WARN_OBJC_ROOT_CLASS = YES_ERROR;
				CLANG_WARN_SUSPICIOUS_MOVE = YES;
				CLANG_WARN_SUSPICIOUS_MOVES = YES;
				CLANG_WARN_UNREACHABLE_CODE = YES;
				CLANG_WARN__DUPLICATE_METHOD_MATCH = YES;
				"CODE_SIGN_IDENTITY[sdk=iphoneos*]" = "iPhone Developer";
				COPY_PHASE_STRIP = NO;
				CURRENT_PROJECT_VERSION = 236;
				DEBUG_INFORMATION_FORMAT = "dwarf-with-dsym";
				ENABLE_NS_ASSERTIONS = NO;
				ENABLE_STRICT_OBJC_MSGSEND = YES;
				GCC_C_LANGUAGE_STANDARD = gnu99;
				GCC_NO_COMMON_BLOCKS = YES;
				GCC_WARN_64_TO_32_BIT_CONVERSION = YES;
				GCC_WARN_ABOUT_RETURN_TYPE = YES_ERROR;
				GCC_WARN_UNDECLARED_SELECTOR = YES;
				GCC_WARN_UNINITIALIZED_AUTOS = YES_AGGRESSIVE;
				GCC_WARN_UNUSED_FUNCTION = YES;
				GCC_WARN_UNUSED_VARIABLE = YES;
				IPHONEOS_DEPLOYMENT_TARGET = 10.1;
				MTL_ENABLE_DEBUG_INFO = NO;
				SDKROOT = iphoneos;
				SWIFT_OPTIMIZATION_LEVEL = "-Owholemodule";
				VALIDATE_PRODUCT = YES;
				VERSIONING_SYSTEM = "apple-generic";
			};
			name = Release;
		};
		7099C13D1DD4ABB200AC49A2 /* Debug */ = {
			isa = XCBuildConfiguration;
			baseConfigurationReference = C070374004A36F5C2C4DA5AA /* Pods-API-SampleApp.debug.xcconfig */;
			buildSettings = {
				ALWAYS_EMBED_SWIFT_STANDARD_LIBRARIES = YES;
				ASSETCATALOG_COMPILER_APPICON_NAME = AppIcon;
				CLANG_ENABLE_MODULES = YES;
				DEVELOPMENT_TEAM = 92L55L5J5T;
				INFOPLIST_FILE = "API-SampleApp/Info.plist";
				IPHONEOS_DEPLOYMENT_TARGET = 8.0;
				LD_RUNPATH_SEARCH_PATHS = "$(inherited) @executable_path/Frameworks";
				OTHER_LDFLAGS = "-all_load";
				PRODUCT_BUNDLE_IDENTIFIER = "com.zowdow.ios-prototype";
				PRODUCT_NAME = "$(TARGET_NAME)";
				PROVISIONING_PROFILE = "d0a68d11-1a6b-4045-b912-b1e7d828dab5";
				PROVISIONING_PROFILE_SPECIFIER = Wildcard;
				SWIFT_OBJC_BRIDGING_HEADER = "API-SampleApp/API-SampleApp-Bridging-Header.h";
				SWIFT_OPTIMIZATION_LEVEL = "-Onone";
				SWIFT_VERSION = 3.0;
			};
			name = Debug;
		};
		7099C13E1DD4ABB200AC49A2 /* Release */ = {
			isa = XCBuildConfiguration;
			baseConfigurationReference = 432D8F6E805272A1AE3697B3 /* Pods-API-SampleApp.release.xcconfig */;
			buildSettings = {
				ALWAYS_EMBED_SWIFT_STANDARD_LIBRARIES = YES;
				ASSETCATALOG_COMPILER_APPICON_NAME = AppIcon;
				CLANG_ENABLE_MODULES = YES;
				"CODE_SIGN_IDENTITY[sdk=iphoneos*]" = "iPhone Distribution";
				DEVELOPMENT_TEAM = 92L55L5J5T;
				INFOPLIST_FILE = "API-SampleApp/Info.plist";
				IPHONEOS_DEPLOYMENT_TARGET = 8.0;
				LD_RUNPATH_SEARCH_PATHS = "$(inherited) @executable_path/Frameworks";
				OTHER_LDFLAGS = "-all_load";
				PRODUCT_BUNDLE_IDENTIFIER = "com.zowdow.ios-prototype";
				PRODUCT_NAME = "$(TARGET_NAME)";
				PROVISIONING_PROFILE = "c49e86f4-9e27-49fe-b04a-8ab402d076ec";
				PROVISIONING_PROFILE_SPECIFIER = PrototypeAdHoc;
				SWIFT_OBJC_BRIDGING_HEADER = "API-SampleApp/API-SampleApp-Bridging-Header.h";
				SWIFT_VERSION = 3.0;
			};
			name = Release;
		};
/* End XCBuildConfiguration section */

/* Begin XCConfigurationList section */
		7099C1251DD4ABB200AC49A2 /* Build configuration list for PBXProject "API-SampleApp" */ = {
			isa = XCConfigurationList;
			buildConfigurations = (
				7099C13A1DD4ABB200AC49A2 /* Debug */,
				7099C13B1DD4ABB200AC49A2 /* Release */,
			);
			defaultConfigurationIsVisible = 0;
			defaultConfigurationName = Release;
		};
		7099C13C1DD4ABB200AC49A2 /* Build configuration list for PBXNativeTarget "API-SampleApp" */ = {
			isa = XCConfigurationList;
			buildConfigurations = (
				7099C13D1DD4ABB200AC49A2 /* Debug */,
				7099C13E1DD4ABB200AC49A2 /* Release */,
			);
			defaultConfigurationIsVisible = 0;
			defaultConfigurationName = Release;
		};
/* End XCConfigurationList section */
	};
	rootObject = 7099C1221DD4ABB200AC49A2 /* Project object */;
}
